Microsoft Visual Studio Solution File, Format Version 12.00
# Visual Studio 2012
Project("{FAE04EC0-301F-11D3-BF4B-00C04F79EFBC}") = "Pogulanka2d", "Pogulanka2d.csproj", "{1D20D810-BCBD-42DD-B209-D2B0FAFEB900}"
EndProject
Global
	GlobalSection(SolutionConfigurationPlatforms) = preSolution
	Debug|Any CPU = Debug|Any CPU
	ExportDebug|Any CPU = ExportDebug|Any CPU
	ExportRelease|Any CPU = ExportRelease|Any CPU
	EndGlobalSection
	GlobalSection(ProjectConfigurationPlatforms) = postSolution
		{1D20D810-BCBD-42DD-B209-D2B0FAFEB900}.Debug|Any CPU.ActiveCfg = Debug|Any CPU
		{1D20D810-BCBD-42DD-B209-D2B0FAFEB900}.Debug|Any CPU.Build.0 = Debug|Any CPU
		{1D20D810-BCBD-42DD-B209-D2B0FAFEB900}.ExportDebug|Any CPU.ActiveCfg = ExportDebug|Any CPU
		{1D20D810-BCBD-42DD-B209-D2B0FAFEB900}.ExportDebug|Any CPU.Build.0 = ExportDebug|Any CPU
		{1D20D810-BCBD-42DD-B209-D2B0FAFEB900}.ExportRelease|Any CPU.ActiveCfg = ExportRelease|Any CPU
		{1D20D810-BCBD-42DD-B209-D2B0FAFEB900}.ExportRelease|Any CPU.Build.0 = ExportRelease|Any CPU
	EndGlobalSection
EndGlobal
